{
  "name": "css-cleanup-webpack-plugin",
  "version": "1.0.0",
  "lockfileVersion": 1,
  "requires": true,
  "dependencies": {
    "rm-unused-css": {
      "version": "1.1.4",
      "resolved": "https://registry.npmjs.org/rm-unused-css/-/rm-unused-css-1.1.4.tgz",
      "integrity": "sha512-839IHfaWrwH2zr8pTryaUUo8n7JsaDTmFnS6F1QNq5yuZT2QIGdYlPOeKHL2E/lOi3FyCaJNTGzN+tdWFZ1Bjw=="
    }
  }
}
